// !$*UTF8*$!
{
	archiveVersion = 1;
	classes = {
	};
	objectVersion = 46;
	objects = {

/* Begin PBXBuildFile section */
		5E32E93D1CC71D1B00AD05E4 /* README.md in Sources */ = {isa = PBXBuildFile; fileRef = 5E32E93C1CC71D1B00AD05E4 /* README.md */; };
		5EAF98B81CC719E7009B9C59 /* main.m in Sources */ = {isa = PBXBuildFile; fileRef = 5EAF98B71CC719E7009B9C59 /* main.m */; };
		5EAF98BB1CC719E7009B9C59 /* AppDelegate.m in Sources */ = {isa = PBXBuildFile; fileRef = 5EAF98BA1CC719E7009B9C59 /* AppDelegate.m */; };
		5EAF98BE1CC719E7009B9C59 /* ViewController.m in Sources */ = {isa = PBXBuildFile; fileRef = 5EAF98BD1CC719E7009B9C59 /* ViewController.m */; };
		5EAF98C11CC719E7009B9C59 /* Main.storyboard in Resources */ = {isa = PBXBuildFile; fileRef = 5EAF98BF1CC719E7009B9C59 /* Main.storyboard */; };
		5EAF98C31CC719E7009B9C59 /* Assets.xcassets in Resources */ = {isa = PBXBuildFile; fileRef = 5EAF98C21CC719E7009B9C59 /* Assets.xcassets */; };
		5EAF98C61CC719E7009B9C59 /* LaunchScreen.storyboard in Resources */ = {isa = PBXBuildFile; fileRef = 5EAF98C41CC719E7009B9C59 /* LaunchScreen.storyboard */; };
		D90F180B12E23183CB7FA7E4 /* Pods_NearlyLocation4iOS.framework in Frameworks */ = {isa = PBXBuildFile; fileRef = FE6C24894BBA0CA937CA2B4E /* Pods_NearlyLocation4iOS.framework */; };
/* End PBXBuildFile section */

/* Begin PBXFileReference section */
		5E32E93C1CC71D1B00AD05E4 /* README.md */ = {isa = PBXFileReference; fileEncoding = 4; lastKnownFileType = net.daringfireball.markdown; path = README.md; sourceTree = "<group>"; };
		5E32E93E1CC71DF000AD05E4 /* PrefixHeader.pch */ = {isa = PBXFileReference; lastKnownFileType = sourcecode.c.h; path = PrefixHeader.pch; sourceTree = "<group>"; };
		5EAF98B31CC719E7009B9C59 /* NearlyLocation4iOS.app */ = {isa = PBXFileReference; explicitFileType = wrapper.application; includeInIndex = 0; path = NearlyLocation4iOS.app; sourceTree = BUILT_PRODUCTS_DIR; };
		5EAF98B71CC719E7009B9C59 /* main.m */ = {isa = PBXFileReference; lastKnownFileType = sourcecode.c.objc; path = main.m; sourceTree = "<group>"; };
		5EAF98B91CC719E7009B9C59 /* AppDelegate.h */ = {isa = PBXFileReference; lastKnownFileType = sourcecode.c.h; path = AppDelegate.h; sourceTree = "<group>"; };
		5EAF98BA1CC719E7009B9C59 /* AppDelegate.m */ = {isa = PBXFileReference; lastKnownFileType = sourcecode.c.objc; path = AppDelegate.m; sourceTree = "<group>"; };
		5EAF98BC1CC719E7009B9C59 /* ViewController.h */ = {isa = PBXFileReference; lastKnownFileType = sourcecode.c.h; path = ViewController.h; sourceTree = "<group>"; };
		5EAF98BD1CC719E7009B9C59 /* ViewController.m */ = {isa = PBXFileReference; lastKnownFileType = sourcecode.c.objc; path = ViewController.m; sourceTree = "<group>"; };
		5EAF98C01CC719E7009B9C59 /* Base */ = {isa = PBXFileReference; lastKnownFileType = file.storyboard; name = Base; path = Base.lproj/Main.storyboard; sourceTree = "<group>"; };
		5EAF98C21CC719E7009B9C59 /* Assets.xcassets */ = {isa = PBXFileReference; lastKnownFileType = folder.assetcatalog; path = Assets.xcassets; sourceTree = "<group>"; };
		5EAF98C51CC719E7009B9C59 /* Base */ = {isa = PBXFileReference; lastKnownFileType = file.storyboard; name = Base; path = Base.lproj/LaunchScreen.storyboard; sourceTree = "<group>"; };
		5EAF98C71CC719E7009B9C59 /* Info.plist */ = {isa = PBXFileReference; lastKnownFileType = text.plist.xml; path = Info.plist; sourceTree = "<group>"; };
		619DF3175E802A336E333AAE /* Pods-NearlyLocation4iOS.debug.xcconfig */ = {isa = PBXFileReference; includeInIndex = 1; lastKnownFileType = text.xcconfig; name = "Pods-NearlyLocation4iOS.debug.xcconfig"; path = "Pods/Target Support Files/Pods-NearlyLocation4iOS/Pods-NearlyLocation4iOS.debug.xcconfig"; sourceTree = "<group>"; };
		925EEAD92F0D48AF0B2D54E9 /* Pods-NearlyLocation4iOS.release.xcconfig */ = {isa = PBXFileReference; includeInIndex = 1; lastKnownFileType = text.xcconfig; name = "Pods-NearlyLocation4iOS.release.xcconfig"; path = "Pods/Target Support Files/Pods-NearlyLocation4iOS/Pods-NearlyLocation4iOS.release.xcconfig"; sourceTree = "<group>"; };
		FE6C24894BBA0CA937CA2B4E /* Pods_NearlyLocation4iOS.framework */ = {isa = PBXFileReference; explicitFileType = wrapper.framework; includeInIndex = 0; path = Pods_NearlyLocation4iOS.framework; sourceTree = BUILT_PRODUCTS_DIR; };
/* End PBXFileReference section */

/* Begin PBXFrameworksBuildPhase section */
		5EAF98B01CC719E7009B9C59 /* Frameworks */ = {
			isa = PBXFrameworksBuildPhase;
			buildActionMask = 2147483647;
			files = (
				D90F180B12E23183CB7FA7E4 /* Pods_NearlyLocation4iOS.framework in Frameworks */,
			);
			runOnlyForDeploymentPostprocessing = 0;
		};
/* End PBXFrameworksBuildPhase section */

/* Begin PBXGroup section */
		243250EC37322EA7A5F9EA14 /* Frameworks */ = {
			isa = PBXGroup;
			children = (
				FE6C24894BBA0CA937CA2B4E /* Pods_NearlyLocation4iOS.framework */,
			);
			name = Frameworks;
			sourceTree = "<group>";
		};
		5EAF98AA1CC719E7009B9C59 = {
			isa = PBXGroup;
			children = (
				5E32E93C1CC71D1B00AD05E4 /* README.md */,
				5EAF98B51CC719E7009B9C59 /* NearlyLocation4iOS */,
				5EAF98B41CC719E7009B9C59 /* Products */,
				F47325D00CF22E3F4D4A5F02 /* Pods */,
				243250EC37322EA7A5F9EA14 /* Frameworks */,
			);
			sourceTree = "<group>";
		};
		5EAF98B41CC719E7009B9C59 /* Products */ = {
			isa = PBXGroup;
			children = (
				5EAF98B31CC719E7009B9C59 /* NearlyLocation4iOS.app */,
			);
			name = Products;
			sourceTree = "<group>";
		};
		5EAF98B51CC719E7009B9C59 /* NearlyLocation4iOS */ = {
			isa = PBXGroup;
			children = (
				5EAF98B91CC719E7009B9C59 /* AppDelegate.h */,
				5EAF98BA1CC719E7009B9C59 /* AppDelegate.m */,
				5EAF98BC1CC719E7009B9C59 /* ViewController.h */,
				5EAF98BD1CC719E7009B9C59 /* ViewController.m */,
				5EAF98BF1CC719E7009B9C59 /* Main.storyboard */,
				5EAF98C21CC719E7009B9C59 /* Assets.xcassets */,
				5EAF98C41CC719E7009B9C59 /* LaunchScreen.storyboard */,
				5EAF98C71CC719E7009B9C59 /* Info.plist */,
				5EAF98B61CC719E7009B9C59 /* Supporting Files */,
			);
			path = NearlyLocation4iOS;
			sourceTree = "<group>";
		};
		5EAF98B61CC719E7009B9C59 /* Supporting Files */ = {
			isa = PBXGroup;
			children = (
				5EAF98B71CC719E7009B9C59 /* main.m */,
				5E32E93E1CC71DF000AD05E4 /* PrefixHeader.pch */,
			);
			name = "Supporting Files";
			sourceTree = "<group>";
		};
		F47325D00CF22E3F4D4A5F02 /* Pods */ = {
			isa = PBXGroup;
			children = (
				619DF3175E802A336E333AAE /* Pods-NearlyLocation4iOS.debug.xcconfig */,
				925EEAD92F0D48AF0B2D54E9 /* Pods-NearlyLocation4iOS.release.xcconfig */,
			);
			name = Pods;
			sourceTree = "<group>";
		};
/* End PBXGroup section */

/* Begin PBXNativeTarget section */
		5EAF98B21CC719E7009B9C59 /* NearlyLocation4iOS */ = {
			isa = PBXNativeTarget;
			buildConfigurationList = 5EAF98CA1CC719E7009B9C59 /* Build configuration list for PBXNativeTarget "NearlyLocation4iOS" */;
			buildPhases = (
				EEAB0D450BE1BBD220FD8AF0 /* Check Pods Manifest.lock */,
				5EAF98AF1CC719E7009B9C59 /* Sources */,
				5EAF98B01CC719E7009B9C59 /* Frameworks */,
				5EAF98B11CC719E7009B9C59 /* Resources */,
				BC86E05D6A8B290DEC5FA728 /* Embed Pods Frameworks */,
				1B6311D326292F1EE5B1F064 /* Copy Pods Resources */,
			);
			buildRules = (
			);
			dependencies = (
			);
			name = NearlyLocation4iOS;
			productName = NearlyLocation4iOS;
			productReference = 5EAF98B31CC719E7009B9C59 /* NearlyLocation4iOS.app */;
			productType = "com.apple.product-type.application";
		};
/* End PBXNativeTarget section */

/* Begin PBXProject section */
		5EAF98AB1CC719E7009B9C59 /* Project object */ = {
			isa = PBXProject;
			attributes = {
				LastUpgradeCheck = 0730;
				ORGANIZATIONNAME = luna.gao;
				TargetAttributes = {
					5EAF98B21CC719E7009B9C59 = {
						CreatedOnToolsVersion = 7.3;
					};
				};
			};
			buildConfigurationList = 5EAF98AE1CC719E7009B9C59 /* Build configuration list for PBXProject "NearlyLocation4iOS" */;
			compatibilityVersion = "Xcode 3.2";
			developmentRegion = English;
			hasScannedForEncodings = 0;
			knownRegions = (
				en,
				Base,
			);
			mainGroup = 5EAF98AA1CC719E7009B9C59;
			productRefGroup = 5EAF98B41CC719E7009B9C59 /* Products */;
			projectDirPath = "";
			projectRoot = "";
			targets = (
				5EAF98B21CC719E7009B9C59 /* NearlyLocation4iOS */,
			);
		};
/* End PBXProject section */

/* Begin PBXResourcesBuildPhase section */
		5EAF98B11CC719E7009B9C59 /* Resources */ = {
			isa = PBXResourcesBuildPhase;
			buildActionMask = 2147483647;
			files = (
				5EAF98C61CC719E7009B9C59 /* LaunchScreen.storyboard in Resources */,
				5EAF98C31CC719E7009B9C59 /* Assets.xcassets in Resources */,
				5EAF98C11CC719E7009B9C59 /* Main.storyboard in Resources */,
			);
			runOnlyForDeploymentPostprocessing = 0;
		};
/* End PBXResourcesBuildPhase section */

/* Begin PBXShellScriptBuildPhase section */
		1B6311D326292F1EE5B1F064 /* Copy Pods Resources */ = {
			isa = PBXShellScriptBuildPhase;
			buildActionMask = 2147483647;
			files = (
			);
			inputPaths = (
			);
			name = "Copy Pods Resources";
			outputPaths = (
			);
			runOnlyForDeploymentPostprocessing = 0;
			shellPath = /bin/sh;
			shellScript = "\"${SRCROOT}/Pods/Target Support Files/Pods-NearlyLocation4iOS/Pods-NearlyLocation4iOS-resources.sh\"\n";
			showEnvVarsInLog = 0;
		};
		BC86E05D6A8B290DEC5FA728 /* Embed Pods Frameworks */ = {
			isa = PBXShellScriptBuildPhase;
			buildActionMask = 2147483647;
			files = (
			);
			inputPaths = (
			);
			name = "Embed Pods Frameworks";
			outputPaths = (
			);
			runOnlyForDeploymentPostprocessing = 0;
			shellPath = /bin/sh;
			shellScript = "\"${SRCROOT}/Pods/Target Support Files/Pods-NearlyLocation4iOS/Pods-NearlyLocation4iOS-frameworks.sh\"\n";
			showEnvVarsInLog = 0;
		};
		EEAB0D450BE1BBD220FD8AF0 /* Check Pods Manifest.lock */ = {
			isa = PBXShellScriptBuildPhase;
			buildActionMask = 2147483647;
			files = (
			);
			inputPaths = (
			);
			name = "Check Pods Manifest.lock";
			outputPaths = (
			);
			runOnlyForDeploymentPostprocessing = 0;
			shellPath = /bin/sh;
			shellScript = "diff \"${PODS_ROOT}/../Podfile.lock\" \"${PODS_ROOT}/Manifest.lock\" > /dev/null\nif [[ $? != 0 ]] ; then\n    cat << EOM\nerror: The sandbox is not in sync with the Podfile.lock. Run 'pod install' or update your CocoaPods installation.\nEOM\n    exit 1\nfi\n";
			showEnvVarsInLog = 0;
		};
/* End PBXShellScriptBuildPhase section */

/* Begin PBXSourcesBuildPhase section */
		5EAF98AF1CC719E7009B9C59 /* Sources */ = {
			isa = PBXSourcesBuildPhase;
			buildActionMask = 2147483647;
			files = (
				5EAF98BE1CC719E7009B9C59 /* ViewController.m in Sources */,
				5EAF98BB1CC719E7009B9C59 /* AppDelegate.m in Sources */,
				5E32E93D1CC71D1B00AD05E4 /* README.md in Sources */,
				5EAF98B81CC719E7009B9C59 /* main.m in Sources */,
			);
			runOnlyForDeploymentPostprocessing = 0;
		};
/* End PBXSourcesBuildPhase section */

/* Begin PBXVariantGroup section */
		5EAF98BF1CC719E7009B9C59 /* Main.storyboard */ = {
			isa = PBXVariantGroup;
			children = (
				5EAF98C01CC719E7009B9C59 /* Base */,
			);
			name = Main.storyboard;
			sourceTree = "<group>";
		};
		5EAF98C41CC719E7009B9C59 /* LaunchScreen.storyboard */ = {
			isa = PBXVariantGroup;
			children = (
				5EAF98C51CC719E7009B9C59 /* Base */,
			);
			name = LaunchScreen.storyboard;
			sourceTree = "<group>";
		};
/* End PBXVariantGroup section */

/* Begin XCBuildConfiguration section */
		5EAF98C81CC719E7009B9C59 /* Debug */ = {
			isa = XCBuildConfiguration;
			buildSettings = {
				ALWAYS_SEARCH_USER_PATHS = NO;
				CLANG_ANALYZER_NONNULL = YES;
				CLANG_CXX_LANGUAGE_STANDARD = "gnu++0x";
				CLANG_CXX_LIBRARY = "libc++";
				CLANG_ENABLE_MODULES = YES;
				CLANG_ENABLE_OBJC_ARC = YES;
				CLANG_WARN_BOOL_CONVERSION = YES;
				CLANG_WARN_CONSTANT_CONVERSION = YES;
				CLANG_WARN_DIRECT_OBJC_ISA_USAGE = YES_ERROR;
				CLANG_WARN_EMPTY_BODY = YES;
				CLANG_WARN_ENUM_CONVERSION = YES;
				CLANG_WARN_INT_CONVERSION = YES;
				CLANG_WARN_OBJC_ROOT_CLASS = YES_ERROR;
				CLANG_WARN_UNREACHABLE_CODE = YES;
				CLANG_WARN__DUPLICATE_METHOD_MATCH = YES;
				"CODE_SIGN_IDENTITY[sdk=iphoneos*]" = "iPhone Developer";
				COPY_PHASE_STRIP = NO;
				DEBUG_INFORMATION_FORMAT = dwarf;
				ENABLE_STRICT_OBJC_MSGSEND = YES;
				ENABLE_TESTABILITY = YES;
				GCC_C_LANGUAGE_STANDARD = gnu99;
				GCC_DYNAMIC_NO_PIC = NO;
				GCC_NO_COMMON_BLOCKS = YES;
				GCC_OPTIMIZATION_LEVEL = 0;
				GCC_PREPROCESSOR_DEFINITIONS = (
					"DEBUG=1",
					"$(inherited)",
				);
				GCC_WARN_64_TO_32_BIT_CONVERSION = YES;
				GCC_WARN_ABOUT_RETURN_TYPE = YES_ERROR;
				GCC_WARN_UNDECLARED_SELECTOR = YES;
				GCC_WARN_UNINITIALIZED_AUTOS = YES_AGGRESSIVE;
				GCC_WARN_UNUSED_FUNCTION = YES;
				GCC_WARN_UNUSED_VARIABLE = YES;
				IPHONEOS_DEPLOYMENT_TARGET = 9.3;
				MTL_ENABLE_DEBUG_INFO = YES;
				ONLY_ACTIVE_ARCH = YES;
				SDKROOT = iphoneos;
			};
			name = Debug;
		};
		5EAF98C91CC719E7009B9C59 /* Release */ = {
			isa = XCBuildConfiguration;
			buildSettings = {
				ALWAYS_SEARCH_USER_PATHS = NO;
				CLANG_ANALYZER_NONNULL = YES;
				CLANG_CXX_LANGUAGE_STANDARD = "gnu++0x";
				CLANG_CXX_LIBRARY = "libc++";
				CLANG_ENABLE_MODULES = YES;
				CLANG_ENABLE_OBJC_ARC = YES;
				CLANG_WARN_BOOL_CONVERSION = YES;
				CLANG_WARN_CONSTANT_CONVERSION = YES;
				CLANG_WARN_DIRECT_OBJC_ISA_USAGE = YES_ERROR;
				CLANG_WARN_EMPTY_BODY = YES;
				CLANG_WARN_ENUM_CONVERSION = YES;
				CLANG_WARN_INT_CONVERSION = YES;
				CLANG_WARN_OBJC_ROOT_CLASS = YES_ERROR;
				CLANG_WARN_UNREACHABLE_CODE = YES;
				CLANG_WARN__DUPLICATE_METHOD_MATCH = YES;
				"CODE_SIGN_IDENTITY[sdk=iphoneos*]" = "iPhone Developer";
				COPY_PHASE_STRIP = NO;
				DEBUG_INFORMATION_FORMAT = "dwarf-with-dsym";
				ENABLE_NS_ASSERTIONS = NO;
				ENABLE_STRICT_OBJC_MSGSEND = YES;
				GCC_C_LANGUAGE_STANDARD = gnu99;
				GCC_NO_COMMON_BLOCKS = YES;
				GCC_WARN_64_TO_32_BIT_CONVERSION = YES;
				GCC_WARN_ABOUT_RETURN_TYPE = YES_ERROR;
				GCC_WARN_UNDECLARED_SELECTOR = YES;
				GCC_WARN_UNINITIALIZED_AUTOS = YES_AGGRESSIVE;
				GCC_WARN_UNUSED_FUNCTION = YES;
				GCC_WARN_UNUSED_VARIABLE = YES;
				IPHONEOS_DEPLOYMENT_TARGET = 9.3;
				MTL_ENABLE_DEBUG_INFO = NO;
				SDKROOT = iphoneos;
				VALIDATE_PRODUCT = YES;
			};
			name = Release;
		};
		5EAF98CB1CC719E7009B9C59 /* Debug */ = {
			isa = XCBuildConfiguration;
			baseConfigurationReference = 619DF3175E802A336E333AAE /* Pods-NearlyLocation4iOS.debug.xcconfig */;
			buildSettings = {
				ASSETCATALOG_COMPILER_APPICON_NAME = AppIcon;
				INFOPLIST_FILE = NearlyLocation4iOS/Info.plist;
				IPHONEOS_DEPLOYMENT_TARGET = 8.1;
				LD_RUNPATH_SEARCH_PATHS = "$(inherited) @executable_path/Frameworks";
				PRODUCT_BUNDLE_IDENTIFIER = com.luna.gao.NearlyLocation4iOS;
				PRODUCT_NAME = "$(TARGET_NAME)";
			};
			name = Debug;
		};
		5EAF98CC1CC719E7009B9C59 /* Release */ = {
			isa = XCBuildConfiguration;
			baseConfigurationReference = 925EEAD92F0D48AF0B2D54E9 /* Pods-NearlyLocation4iOS.release.xcconfig */;
			buildSettings = {
				ASSETCATALOG_COMPILER_APPICON_NAME = AppIcon;
				INFOPLIST_FILE = NearlyLocation4iOS/Info.plist;
				IPHONEOS_DEPLOYMENT_TARGET = 8.1;
				LD_RUNPATH_SEARCH_PATHS = "$(inherited) @executable_path/Frameworks";
				PRODUCT_BUNDLE_IDENTIFIER = com.luna.gao.NearlyLocation4iOS;
				PRODUCT_NAME = "$(TARGET_NAME)";
			};
			name = Release;
		};
/* End XCBuildConfiguration section */

/* Begin XCConfigurationList section */
		5EAF98AE1CC719E7009B9C59 /* Build configuration list for PBXProject "NearlyLocation4iOS" */ = {
			isa = XCConfigurationList;
			buildConfigurations = (
				5EAF98C81CC719E7009B9C59 /* Debug */,
				5EAF98C91CC719E7009B9C59 /* Release */,
			);
			defaultConfigurationIsVisible = 0;
			defaultConfigurationName = Release;
		};
		5EAF98CA1CC719E7009B9C59 /* Build configuration list for PBXNativeTarget "NearlyLocation4iOS" */ = {
			isa = XCConfigurationList;
			buildConfigurations = (
				5EAF98CB1CC719E7009B9C59 /* Debug */,
				5EAF98CC1CC719E7009B9C59 /* Release */,
			);
			defaultConfigurationIsVisible = 0;
			defaultConfigurationName = Release;
		};
/* End XCConfigurationList section */
	};
	rootObject = 5EAF98AB1CC719E7009B9C59 /* Project object */;
}
